Microsoft Visual Studio Solution File, Format Version 12.00
# Visual Studio Version 17
VisualStudioVersion = 17.3.32804.467
MinimumVisualStudioVersion = 10.0.40219.1
Project("{9A19103F-16F7-4668-BE54-9A1E7A4F7556}") = "AspnetCoreStarter", "AspnetCoreStarter\AspnetCoreStarter.csproj", "{1C5F16D5-3832-41B4-B6FE-574F09F2C550}"
EndProject
Project("{9A19103F-16F7-4668-BE54-9A1E7A4F7556}") = "ERPFastTrack.Abstraction", "ERPFastTrack.Abstraction\ERPFastTrack.Abstraction.csproj", "{CE1D24A0-3C44-4888-A599-C256C49A1F86}"
EndProject
Project("{9A19103F-16F7-4668-BE54-9A1E7A4F7556}") = "ERPFastTrack.APIModels", "ERPFastTrack.APIModels\ERPFastTrack.APIModels.csproj", "{AB0DA155-4CD0-4124-BEAB-73F74AE20418}"
EndProject
Project("{9A19103F-16F7-4668-BE54-9A1E7A4F7556}") = "ERPFastTrack.Common", "ERPFastTrack.Common\ERPFastTrack.Common.csproj", "{F60A564B-B3B3-46FE-9FFC-6D1CEA4E912A}"
EndProject
Project("{9A19103F-16F7-4668-BE54-9A1E7A4F7556}") = "ERPFastTrack.DBGround", "ERPFastTrack.DBGround\ERPFastTrack.DBGround.csproj", "{E112012E-8131-424A-B6EF-D99B618F0BE4}"
EndProject
Project("{9A19103F-16F7-4668-BE54-9A1E7A4F7556}") = "ERPFastTrack.API.Internals", "ERPFastTrack.API.Internals\ERPFastTrack.API.Internals.csproj", "{5815580F-5266-4489-A5BE-32CB9BB871A0}"
EndProject
Project("{2150E333-8FDC-42A3-9474-1A3956D46DE8}") = "Automations", "Automations", "{7C0AA90E-B9C9-4697-ADD4-7A1A01F099FE}"
EndProject
Project("{FAE04EC0-301F-11D3-BF4B-00C04F79EFBC}") = "ControllerBaseAutomator", "ControllerBaseAutomator\ControllerBaseAutomator.csproj", "{653D9BAD-5472-4EBE-A7CD-FF2D9BC14F55}"
EndProject
Project("{9A19103F-16F7-4668-BE54-9A1E7A4F7556}") = "ERPFastTrack.SalesforceProcessor", "ERPFastTrack.SalesforceProcessor\ERPFastTrack.SalesforceProcessor.csproj", "{6FF92EAA-1826-4095-9091-05459103E76D}"
EndProject
Project("{9A19103F-16F7-4668-BE54-9A1E7A4F7556}") = "ERPFastTrack.DBProcessor", "ERPFastTrack.DBProcessor\ERPFastTrack.DBProcessor.csproj", "{9F031BED-AA01-4092-8B3B-8E019D8EF0A3}"
EndProject
Project("{2150E333-8FDC-42A3-9474-1A3956D46DE8}") = "UnusedFiles", "UnusedFiles", "{FB18426A-0A04-4599-B5EE-7FE2FFB2E60B}"
	ProjectSection(SolutionItems) = preProject
		AspnetCoreStarter\wwwroot\js\app-academy-course-details.dist.js = AspnetCoreStarter\wwwroot\js\app-academy-course-details.dist.js
		AspnetCoreStarter\wwwroot\js\app-academy-course-details.js = AspnetCoreStarter\wwwroot\js\app-academy-course-details.js
		AspnetCoreStarter\wwwroot\js\app-academy-course.dist.js = AspnetCoreStarter\wwwroot\js\app-academy-course.dist.js
		AspnetCoreStarter\wwwroot\js\app-academy-course.js = AspnetCoreStarter\wwwroot\js\app-academy-course.js
		AspnetCoreStarter\wwwroot\js\app-academy-dashboard.dist.js = AspnetCoreStarter\wwwroot\js\app-academy-dashboard.dist.js
		AspnetCoreStarter\wwwroot\js\app-academy-dashboard.js = AspnetCoreStarter\wwwroot\js\app-academy-dashboard.js
		AspnetCoreStarter\wwwroot\js\app-access-permission.dist.js = AspnetCoreStarter\wwwroot\js\app-access-permission.dist.js
		AspnetCoreStarter\wwwroot\js\app-access-permission.js = AspnetCoreStarter\wwwroot\js\app-access-permission.js
		AspnetCoreStarter\wwwroot\js\app-access-roles.dist.js = AspnetCoreStarter\wwwroot\js\app-access-roles.dist.js
		AspnetCoreStarter\wwwroot\js\app-access-roles.js = AspnetCoreStarter\wwwroot\js\app-access-roles.js
		AspnetCoreStarter\wwwroot\js\app-calendar-events.dist.js = AspnetCoreStarter\wwwroot\js\app-calendar-events.dist.js
		AspnetCoreStarter\wwwroot\js\app-calendar-events.js = AspnetCoreStarter\wwwroot\js\app-calendar-events.js
		AspnetCoreStarter\wwwroot\js\app-calendar.dist.js = AspnetCoreStarter\wwwroot\js\app-calendar.dist.js
		AspnetCoreStarter\wwwroot\js\app-calendar.js = AspnetCoreStarter\wwwroot\js\app-calendar.js
		AspnetCoreStarter\wwwroot\js\app-chat.dist.js = AspnetCoreStarter\wwwroot\js\app-chat.dist.js
		AspnetCoreStarter\wwwroot\js\app-chat.js = AspnetCoreStarter\wwwroot\js\app-chat.js
		AspnetCoreStarter\wwwroot\js\app-database-connections.dist.js = AspnetCoreStarter\wwwroot\js\app-database-connections.dist.js
		AspnetCoreStarter\wwwroot\js\app-database-connections.js = AspnetCoreStarter\wwwroot\js\app-database-connections.js
		AspnetCoreStarter\wwwroot\js\app-ecommerce-category-list.dist.js = AspnetCoreStarter\wwwroot\js\app-ecommerce-category-list.dist.js
		AspnetCoreStarter\wwwroot\js\app-ecommerce-category-list.js = AspnetCoreStarter\wwwroot\js\app-ecommerce-category-list.js
		AspnetCoreStarter\wwwroot\js\app-ecommerce-customer-all.dist.js = AspnetCoreStarter\wwwroot\js\app-ecommerce-customer-all.dist.js
		AspnetCoreStarter\wwwroot\js\app-ecommerce-customer-all.js = AspnetCoreStarter\wwwroot\js\app-ecommerce-customer-all.js
		AspnetCoreStarter\wwwroot\js\app-ecommerce-customer-detail-overview.dist.js = AspnetCoreStarter\wwwroot\js\app-ecommerce-customer-detail-overview.dist.js
		AspnetCoreStarter\wwwroot\js\app-ecommerce-customer-detail-overview.js = AspnetCoreStarter\wwwroot\js\app-ecommerce-customer-detail-overview.js
		AspnetCoreStarter\wwwroot\js\app-ecommerce-customer-detail.dist.js = AspnetCoreStarter\wwwroot\js\app-ecommerce-customer-detail.dist.js
		AspnetCoreStarter\wwwroot\js\app-ecommerce-customer-detail.js = AspnetCoreStarter\wwwroot\js\app-ecommerce-customer-detail.js
		AspnetCoreStarter\wwwroot\js\app-ecommerce-dashboard.dist.js = AspnetCoreStarter\wwwroot\js\app-ecommerce-dashboard.dist.js
		AspnetCoreStarter\wwwroot\js\app-ecommerce-dashboard.js = AspnetCoreStarter\wwwroot\js\app-ecommerce-dashboard.js
		AspnetCoreStarter\wwwroot\js\app-ecommerce-order-details.dist.js = AspnetCoreStarter\wwwroot\js\app-ecommerce-order-details.dist.js
		AspnetCoreStarter\wwwroot\js\app-ecommerce-order-details.js = AspnetCoreStarter\wwwroot\js\app-ecommerce-order-details.js
		AspnetCoreStarter\wwwroot\js\app-ecommerce-order-list.dist.js = AspnetCoreStarter\wwwroot\js\app-ecommerce-order-list.dist.js
		AspnetCoreStarter\wwwroot\js\app-ecommerce-order-list.js = AspnetCoreStarter\wwwroot\js\app-ecommerce-order-list.js
		AspnetCoreStarter\wwwroot\js\app-ecommerce-product-add.dist.js = AspnetCoreStarter\wwwroot\js\app-ecommerce-product-add.dist.js
		AspnetCoreStarter\wwwroot\js\app-ecommerce-product-add.js = AspnetCoreStarter\wwwroot\js\app-ecommerce-product-add.js
		AspnetCoreStarter\wwwroot\js\app-ecommerce-product-list.dist.js = AspnetCoreStarter\wwwroot\js\app-ecommerce-product-list.dist.js
		AspnetCoreStarter\wwwroot\js\app-ecommerce-product-list.js = AspnetCoreStarter\wwwroot\js\app-ecommerce-product-list.js
		AspnetCoreStarter\wwwroot\js\app-ecommerce-referral.dist.js = AspnetCoreStarter\wwwroot\js\app-ecommerce-referral.dist.js
		AspnetCoreStarter\wwwroot\js\app-ecommerce-referral.js = AspnetCoreStarter\wwwroot\js\app-ecommerce-referral.js
		AspnetCoreStarter\wwwroot\js\app-ecommerce-reviews.dist.js = AspnetCoreStarter\wwwroot\js\app-ecommerce-reviews.dist.js
		AspnetCoreStarter\wwwroot\js\app-ecommerce-reviews.js = AspnetCoreStarter\wwwroot\js\app-ecommerce-reviews.js
		AspnetCoreStarter\wwwroot\js\app-ecommerce-settings.dist.js = AspnetCoreStarter\wwwroot\js\app-ecommerce-settings.dist.js
		AspnetCoreStarter\wwwroot\js\app-ecommerce-settings.js = AspnetCoreStarter\wwwroot\js\app-ecommerce-settings.js
		AspnetCoreStarter\wwwroot\js\app-email.dist.js = AspnetCoreStarter\wwwroot\js\app-email.dist.js
		AspnetCoreStarter\wwwroot\js\app-email.js = AspnetCoreStarter\wwwroot\js\app-email.js
		AspnetCoreStarter\wwwroot\js\app-invoice-add.dist.js = AspnetCoreStarter\wwwroot\js\app-invoice-add.dist.js
		AspnetCoreStarter\wwwroot\js\app-invoice-add.js = AspnetCoreStarter\wwwroot\js\app-invoice-add.js
		AspnetCoreStarter\wwwroot\js\app-invoice-edit.dist.js = AspnetCoreStarter\wwwroot\js\app-invoice-edit.dist.js
		AspnetCoreStarter\wwwroot\js\app-invoice-edit.js = AspnetCoreStarter\wwwroot\js\app-invoice-edit.js
		AspnetCoreStarter\wwwroot\js\app-invoice-list.dist.js = AspnetCoreStarter\wwwroot\js\app-invoice-list.dist.js
		AspnetCoreStarter\wwwroot\js\app-invoice-list.js = AspnetCoreStarter\wwwroot\js\app-invoice-list.js
		AspnetCoreStarter\wwwroot\js\app-invoice-print.dist.js = AspnetCoreStarter\wwwroot\js\app-invoice-print.dist.js
		AspnetCoreStarter\wwwroot\js\app-invoice-print.js = AspnetCoreStarter\wwwroot\js\app-invoice-print.js
		AspnetCoreStarter\wwwroot\js\app-kanban.dist.js = AspnetCoreStarter\wwwroot\js\app-kanban.dist.js
		AspnetCoreStarter\wwwroot\js\app-kanban.js = AspnetCoreStarter\wwwroot\js\app-kanban.js
		AspnetCoreStarter\wwwroot\js\app-logistics-dashboard.dist.js = AspnetCoreStarter\wwwroot\js\app-logistics-dashboard.dist.js
		AspnetCoreStarter\wwwroot\js\app-logistics-dashboard.js = AspnetCoreStarter\wwwroot\js\app-logistics-dashboard.js
		AspnetCoreStarter\wwwroot\js\app-logistics-fleet.dist.js = AspnetCoreStarter\wwwroot\js\app-logistics-fleet.dist.js
		AspnetCoreStarter\wwwroot\js\app-logistics-fleet.js = AspnetCoreStarter\wwwroot\js\app-logistics-fleet.js
		AspnetCoreStarter\wwwroot\js\app-user-list.dist.js = AspnetCoreStarter\wwwroot\js\app-user-list.dist.js
		AspnetCoreStarter\wwwroot\js\app-user-list.js = AspnetCoreStarter\wwwroot\js\app-user-list.js
		AspnetCoreStarter\wwwroot\js\app-user-view-account.dist.js = AspnetCoreStarter\wwwroot\js\app-user-view-account.dist.js
		AspnetCoreStarter\wwwroot\js\app-user-view-account.js = AspnetCoreStarter\wwwroot\js\app-user-view-account.js
		AspnetCoreStarter\wwwroot\js\app-user-view-billing.dist.js = AspnetCoreStarter\wwwroot\js\app-user-view-billing.dist.js
		AspnetCoreStarter\wwwroot\js\app-user-view-billing.js = AspnetCoreStarter\wwwroot\js\app-user-view-billing.js
		AspnetCoreStarter\wwwroot\js\app-user-view-security.dist.js = AspnetCoreStarter\wwwroot\js\app-user-view-security.dist.js
		AspnetCoreStarter\wwwroot\js\app-user-view-security.js = AspnetCoreStarter\wwwroot\js\app-user-view-security.js
		AspnetCoreStarter\wwwroot\js\app-user-view.dist.js = AspnetCoreStarter\wwwroot\js\app-user-view.dist.js
		AspnetCoreStarter\wwwroot\js\app-user-view.js = AspnetCoreStarter\wwwroot\js\app-user-view.js
		AspnetCoreStarter\wwwroot\js\cards-actions.dist.js = AspnetCoreStarter\wwwroot\js\cards-actions.dist.js
		AspnetCoreStarter\wwwroot\js\cards-actions.js = AspnetCoreStarter\wwwroot\js\cards-actions.js
		AspnetCoreStarter\wwwroot\js\cards-advance.dist.js = AspnetCoreStarter\wwwroot\js\cards-advance.dist.js
		AspnetCoreStarter\wwwroot\js\cards-advance.js = AspnetCoreStarter\wwwroot\js\cards-advance.js
		AspnetCoreStarter\wwwroot\js\cards-analytics.dist.js = AspnetCoreStarter\wwwroot\js\cards-analytics.dist.js
		AspnetCoreStarter\wwwroot\js\cards-analytics.js = AspnetCoreStarter\wwwroot\js\cards-analytics.js
		AspnetCoreStarter\wwwroot\js\cards-statistics.dist.js = AspnetCoreStarter\wwwroot\js\cards-statistics.dist.js
		AspnetCoreStarter\wwwroot\js\cards-statistics.js = AspnetCoreStarter\wwwroot\js\cards-statistics.js
		AspnetCoreStarter\wwwroot\js\charts-apex.dist.js = AspnetCoreStarter\wwwroot\js\charts-apex.dist.js
		AspnetCoreStarter\wwwroot\js\charts-apex.js = AspnetCoreStarter\wwwroot\js\charts-apex.js
		AspnetCoreStarter\wwwroot\js\charts-chartjs.dist.js = AspnetCoreStarter\wwwroot\js\charts-chartjs.dist.js
		AspnetCoreStarter\wwwroot\js\charts-chartjs.js = AspnetCoreStarter\wwwroot\js\charts-chartjs.js
		AspnetCoreStarter\wwwroot\js\dashboards-analytics.dist.js = AspnetCoreStarter\wwwroot\js\dashboards-analytics.dist.js
		AspnetCoreStarter\wwwroot\js\dashboards-analytics.js = AspnetCoreStarter\wwwroot\js\dashboards-analytics.js
		AspnetCoreStarter\wwwroot\js\dashboards-crm.dist.js = AspnetCoreStarter\wwwroot\js\dashboards-crm.dist.js
		AspnetCoreStarter\wwwroot\js\dashboards-crm.js = AspnetCoreStarter\wwwroot\js\dashboards-crm.js
		AspnetCoreStarter\wwwroot\js\dashboards-ecommerce.dist.js = AspnetCoreStarter\wwwroot\js\dashboards-ecommerce.dist.js
		AspnetCoreStarter\wwwroot\js\dashboards-ecommerce.js = AspnetCoreStarter\wwwroot\js\dashboards-ecommerce.js
		AspnetCoreStarter\wwwroot\js\extended-ui-blockui.dist.js = AspnetCoreStarter\wwwroot\js\extended-ui-blockui.dist.js
		AspnetCoreStarter\wwwroot\js\extended-ui-blockui.js = AspnetCoreStarter\wwwroot\js\extended-ui-blockui.js
		AspnetCoreStarter\wwwroot\js\extended-ui-drag-and-drop.dist.js = AspnetCoreStarter\wwwroot\js\extended-ui-drag-and-drop.dist.js
		AspnetCoreStarter\wwwroot\js\extended-ui-drag-and-drop.js = AspnetCoreStarter\wwwroot\js\extended-ui-drag-and-drop.js
		AspnetCoreStarter\wwwroot\js\extended-ui-media-player.dist.js = AspnetCoreStarter\wwwroot\js\extended-ui-media-player.dist.js
		AspnetCoreStarter\wwwroot\js\extended-ui-media-player.js = AspnetCoreStarter\wwwroot\js\extended-ui-media-player.js
		AspnetCoreStarter\wwwroot\js\extended-ui-misc-clipboardjs.dist.js = AspnetCoreStarter\wwwroot\js\extended-ui-misc-clipboardjs.dist.js
		AspnetCoreStarter\wwwroot\js\extended-ui-misc-clipboardjs.js = AspnetCoreStarter\wwwroot\js\extended-ui-misc-clipboardjs.js
		AspnetCoreStarter\wwwroot\js\extended-ui-misc-idle-timer.dist.js = AspnetCoreStarter\wwwroot\js\extended-ui-misc-idle-timer.dist.js
		AspnetCoreStarter\wwwroot\js\extended-ui-misc-idle-timer.js = AspnetCoreStarter\wwwroot\js\extended-ui-misc-idle-timer.js
		AspnetCoreStarter\wwwroot\js\extended-ui-misc-numeraljs.dist.js = AspnetCoreStarter\wwwroot\js\extended-ui-misc-numeraljs.dist.js
		AspnetCoreStarter\wwwroot\js\extended-ui-misc-numeraljs.js = AspnetCoreStarter\wwwroot\js\extended-ui-misc-numeraljs.js
		AspnetCoreStarter\wwwroot\js\extended-ui-perfect-scrollbar.dist.js = AspnetCoreStarter\wwwroot\js\extended-ui-perfect-scrollbar.dist.js
		AspnetCoreStarter\wwwroot\js\extended-ui-perfect-scrollbar.js = AspnetCoreStarter\wwwroot\js\extended-ui-perfect-scrollbar.js
		AspnetCoreStarter\wwwroot\js\extended-ui-star-ratings.dist.js = AspnetCoreStarter\wwwroot\js\extended-ui-star-ratings.dist.js
		AspnetCoreStarter\wwwroot\js\extended-ui-star-ratings.js = AspnetCoreStarter\wwwroot\js\extended-ui-star-ratings.js
		AspnetCoreStarter\wwwroot\js\extended-ui-sweetalert2.dist.js = AspnetCoreStarter\wwwroot\js\extended-ui-sweetalert2.dist.js
		AspnetCoreStarter\wwwroot\js\extended-ui-sweetalert2.js = AspnetCoreStarter\wwwroot\js\extended-ui-sweetalert2.js
		AspnetCoreStarter\wwwroot\js\extended-ui-timeline.dist.js = AspnetCoreStarter\wwwroot\js\extended-ui-timeline.dist.js
		AspnetCoreStarter\wwwroot\js\extended-ui-timeline.js = AspnetCoreStarter\wwwroot\js\extended-ui-timeline.js
		AspnetCoreStarter\wwwroot\js\extended-ui-tour.dist.js = AspnetCoreStarter\wwwroot\js\extended-ui-tour.dist.js
		AspnetCoreStarter\wwwroot\js\extended-ui-tour.js = AspnetCoreStarter\wwwroot\js\extended-ui-tour.js
		AspnetCoreStarter\wwwroot\js\extended-ui-treeview.dist.js = AspnetCoreStarter\wwwroot\js\extended-ui-treeview.dist.js
		AspnetCoreStarter\wwwroot\js\extended-ui-treeview.js = AspnetCoreStarter\wwwroot\js\extended-ui-treeview.js
		AspnetCoreStarter\wwwroot\js\form-basic-inputs.dist.js = AspnetCoreStarter\wwwroot\js\form-basic-inputs.dist.js
		AspnetCoreStarter\wwwroot\js\form-basic-inputs.js = AspnetCoreStarter\wwwroot\js\form-basic-inputs.js
		AspnetCoreStarter\wwwroot\js\form-layouts.dist.js = AspnetCoreStarter\wwwroot\js\form-layouts.dist.js
		AspnetCoreStarter\wwwroot\js\form-layouts.js = AspnetCoreStarter\wwwroot\js\form-layouts.js
		AspnetCoreStarter\wwwroot\js\form-validation.dist.js = AspnetCoreStarter\wwwroot\js\form-validation.dist.js
		AspnetCoreStarter\wwwroot\js\form-validation.js = AspnetCoreStarter\wwwroot\js\form-validation.js
		AspnetCoreStarter\wwwroot\js\form-wizard-icons.dist.js = AspnetCoreStarter\wwwroot\js\form-wizard-icons.dist.js
		AspnetCoreStarter\wwwroot\js\form-wizard-icons.js = AspnetCoreStarter\wwwroot\js\form-wizard-icons.js
		AspnetCoreStarter\wwwroot\js\form-wizard-numbered.dist.js = AspnetCoreStarter\wwwroot\js\form-wizard-numbered.dist.js
		AspnetCoreStarter\wwwroot\js\form-wizard-numbered.js = AspnetCoreStarter\wwwroot\js\form-wizard-numbered.js
		AspnetCoreStarter\wwwroot\js\form-wizard-validation.dist.js = AspnetCoreStarter\wwwroot\js\form-wizard-validation.dist.js
		AspnetCoreStarter\wwwroot\js\form-wizard-validation.js = AspnetCoreStarter\wwwroot\js\form-wizard-validation.js
		AspnetCoreStarter\wwwroot\js\forms-editors.dist.js = AspnetCoreStarter\wwwroot\js\forms-editors.dist.js
		AspnetCoreStarter\wwwroot\js\forms-editors.js = AspnetCoreStarter\wwwroot\js\forms-editors.js
		AspnetCoreStarter\wwwroot\js\forms-extras.dist.js = AspnetCoreStarter\wwwroot\js\forms-extras.dist.js
		AspnetCoreStarter\wwwroot\js\forms-extras.js = AspnetCoreStarter\wwwroot\js\forms-extras.js
		AspnetCoreStarter\wwwroot\js\forms-file-upload.dist.js = AspnetCoreStarter\wwwroot\js\forms-file-upload.dist.js
		AspnetCoreStarter\wwwroot\js\forms-file-upload.js = AspnetCoreStarter\wwwroot\js\forms-file-upload.js
		AspnetCoreStarter\wwwroot\js\forms-pickers.dist.js = AspnetCoreStarter\wwwroot\js\forms-pickers.dist.js
		AspnetCoreStarter\wwwroot\js\forms-pickers.js = AspnetCoreStarter\wwwroot\js\forms-pickers.js
		AspnetCoreStarter\wwwroot\js\forms-selects.dist.js = AspnetCoreStarter\wwwroot\js\forms-selects.dist.js
		AspnetCoreStarter\wwwroot\js\forms-selects.js = AspnetCoreStarter\wwwroot\js\forms-selects.js
		AspnetCoreStarter\wwwroot\js\forms-sliders.dist.js = AspnetCoreStarter\wwwroot\js\forms-sliders.dist.js
		AspnetCoreStarter\wwwroot\js\forms-sliders.js = AspnetCoreStarter\wwwroot\js\forms-sliders.js
		AspnetCoreStarter\wwwroot\js\forms-tagify.dist.js = AspnetCoreStarter\wwwroot\js\forms-tagify.dist.js
		AspnetCoreStarter\wwwroot\js\forms-tagify.js = AspnetCoreStarter\wwwroot\js\forms-tagify.js
		AspnetCoreStarter\wwwroot\js\forms-typeahead.dist.js = AspnetCoreStarter\wwwroot\js\forms-typeahead.dist.js
		AspnetCoreStarter\wwwroot\js\forms-typeahead.js = AspnetCoreStarter\wwwroot\js\forms-typeahead.js
		AspnetCoreStarter\wwwroot\js\front-config.dist.js = AspnetCoreStarter\wwwroot\js\front-config.dist.js
		AspnetCoreStarter\wwwroot\js\front-config.js = AspnetCoreStarter\wwwroot\js\front-config.js
		AspnetCoreStarter\wwwroot\js\front-main.dist.js = AspnetCoreStarter\wwwroot\js\front-main.dist.js
		AspnetCoreStarter\wwwroot\js\front-main.js = AspnetCoreStarter\wwwroot\js\front-main.js
		AspnetCoreStarter\wwwroot\js\front-page-landing.dist.js = AspnetCoreStarter\wwwroot\js\front-page-landing.dist.js
		AspnetCoreStarter\wwwroot\js\front-page-landing.js = AspnetCoreStarter\wwwroot\js\front-page-landing.js
		AspnetCoreStarter\wwwroot\js\front-page-payment.dist.js = AspnetCoreStarter\wwwroot\js\front-page-payment.dist.js
		AspnetCoreStarter\wwwroot\js\front-page-payment.js = AspnetCoreStarter\wwwroot\js\front-page-payment.js
		AspnetCoreStarter\wwwroot\js\front-page-pricing.dist.js = AspnetCoreStarter\wwwroot\js\front-page-pricing.dist.js
		AspnetCoreStarter\wwwroot\js\front-page-pricing.js = AspnetCoreStarter\wwwroot\js\front-page-pricing.js
		AspnetCoreStarter\wwwroot\js\maps-leaflet.dist.js = AspnetCoreStarter\wwwroot\js\maps-leaflet.dist.js
		AspnetCoreStarter\wwwroot\js\maps-leaflet.js = AspnetCoreStarter\wwwroot\js\maps-leaflet.js
		AspnetCoreStarter\wwwroot\js\modal-add-new-address.dist.js = AspnetCoreStarter\wwwroot\js\modal-add-new-address.dist.js
		AspnetCoreStarter\wwwroot\js\modal-add-new-address.js = AspnetCoreStarter\wwwroot\js\modal-add-new-address.js
		AspnetCoreStarter\wwwroot\js\modal-add-new-cc.dist.js = AspnetCoreStarter\wwwroot\js\modal-add-new-cc.dist.js
		AspnetCoreStarter\wwwroot\js\modal-add-new-cc.js = AspnetCoreStarter\wwwroot\js\modal-add-new-cc.js
		AspnetCoreStarter\wwwroot\js\modal-add-permission.dist.js = AspnetCoreStarter\wwwroot\js\modal-add-permission.dist.js
		AspnetCoreStarter\wwwroot\js\modal-add-permission.js = AspnetCoreStarter\wwwroot\js\modal-add-permission.js
		AspnetCoreStarter\wwwroot\js\modal-add-role.dist.js = AspnetCoreStarter\wwwroot\js\modal-add-role.dist.js
		AspnetCoreStarter\wwwroot\js\modal-add-role.js = AspnetCoreStarter\wwwroot\js\modal-add-role.js
		AspnetCoreStarter\wwwroot\js\modal-create-app.dist.js = AspnetCoreStarter\wwwroot\js\modal-create-app.dist.js
		AspnetCoreStarter\wwwroot\js\modal-create-app.js = AspnetCoreStarter\wwwroot\js\modal-create-app.js
		AspnetCoreStarter\wwwroot\js\modal-edit-cc.dist.js = AspnetCoreStarter\wwwroot\js\modal-edit-cc.dist.js
		AspnetCoreStarter\wwwroot\js\modal-edit-cc.js = AspnetCoreStarter\wwwroot\js\modal-edit-cc.js
		AspnetCoreStarter\wwwroot\js\modal-edit-permission.dist.js = AspnetCoreStarter\wwwroot\js\modal-edit-permission.dist.js
		AspnetCoreStarter\wwwroot\js\modal-edit-permission.js = AspnetCoreStarter\wwwroot\js\modal-edit-permission.js
		AspnetCoreStarter\wwwroot\js\modal-edit-user.dist.js = AspnetCoreStarter\wwwroot\js\modal-edit-user.dist.js
		AspnetCoreStarter\wwwroot\js\modal-edit-user.js = AspnetCoreStarter\wwwroot\js\modal-edit-user.js
		AspnetCoreStarter\wwwroot\js\modal-enable-otp.dist.js = AspnetCoreStarter\wwwroot\js\modal-enable-otp.dist.js
		AspnetCoreStarter\wwwroot\js\modal-enable-otp.js = AspnetCoreStarter\wwwroot\js\modal-enable-otp.js
		AspnetCoreStarter\wwwroot\js\modal-share-project.dist.js = AspnetCoreStarter\wwwroot\js\modal-share-project.dist.js
		AspnetCoreStarter\wwwroot\js\modal-share-project.js = AspnetCoreStarter\wwwroot\js\modal-share-project.js
		AspnetCoreStarter\wwwroot\js\modal-two-factor-auth.dist.js = AspnetCoreStarter\wwwroot\js\modal-two-factor-auth.dist.js
		AspnetCoreStarter\wwwroot\js\modal-two-factor-auth.js = AspnetCoreStarter\wwwroot\js\modal-two-factor-auth.js
		AspnetCoreStarter\wwwroot\js\offcanvas-add-payment.dist.js = AspnetCoreStarter\wwwroot\js\offcanvas-add-payment.dist.js
		AspnetCoreStarter\wwwroot\js\offcanvas-add-payment.js = AspnetCoreStarter\wwwroot\js\offcanvas-add-payment.js
		AspnetCoreStarter\wwwroot\js\offcanvas-send-invoice.dist.js = AspnetCoreStarter\wwwroot\js\offcanvas-send-invoice.dist.js
		AspnetCoreStarter\wwwroot\js\offcanvas-send-invoice.js = AspnetCoreStarter\wwwroot\js\offcanvas-send-invoice.js
		AspnetCoreStarter\wwwroot\js\pages-account-settings-account.dist.js = AspnetCoreStarter\wwwroot\js\pages-account-settings-account.dist.js
		AspnetCoreStarter\wwwroot\js\pages-account-settings-account.js = AspnetCoreStarter\wwwroot\js\pages-account-settings-account.js
		AspnetCoreStarter\wwwroot\js\pages-account-settings-billing.dist.js = AspnetCoreStarter\wwwroot\js\pages-account-settings-billing.dist.js
		AspnetCoreStarter\wwwroot\js\pages-account-settings-billing.js = AspnetCoreStarter\wwwroot\js\pages-account-settings-billing.js
		AspnetCoreStarter\wwwroot\js\pages-account-settings-security.dist.js = AspnetCoreStarter\wwwroot\js\pages-account-settings-security.dist.js
		AspnetCoreStarter\wwwroot\js\pages-account-settings-security.js = AspnetCoreStarter\wwwroot\js\pages-account-settings-security.js
		AspnetCoreStarter\wwwroot\js\pages-auth-two-steps.dist.js = AspnetCoreStarter\wwwroot\js\pages-auth-two-steps.dist.js
		AspnetCoreStarter\wwwroot\js\pages-auth-two-steps.js = AspnetCoreStarter\wwwroot\js\pages-auth-two-steps.js
		AspnetCoreStarter\wwwroot\js\pages-pricing.dist.js = AspnetCoreStarter\wwwroot\js\pages-pricing.dist.js
		AspnetCoreStarter\wwwroot\js\pages-pricing.js = AspnetCoreStarter\wwwroot\js\pages-pricing.js
		AspnetCoreStarter\wwwroot\js\pages-profile.dist.js = AspnetCoreStarter\wwwroot\js\pages-profile.dist.js
		AspnetCoreStarter\wwwroot\js\pages-profile.js = AspnetCoreStarter\wwwroot\js\pages-profile.js
		AspnetCoreStarter\wwwroot\js\tables-datatables-advanced.dist.js = AspnetCoreStarter\wwwroot\js\tables-datatables-advanced.dist.js
		AspnetCoreStarter\wwwroot\js\tables-datatables-advanced.js = AspnetCoreStarter\wwwroot\js\tables-datatables-advanced.js
		AspnetCoreStarter\wwwroot\js\tables-datatables-basic.dist.js = AspnetCoreStarter\wwwroot\js\tables-datatables-basic.dist.js
		AspnetCoreStarter\wwwroot\js\tables-datatables-basic.js = AspnetCoreStarter\wwwroot\js\tables-datatables-basic.js
		AspnetCoreStarter\wwwroot\js\tables-datatables-extensions.dist.js = AspnetCoreStarter\wwwroot\js\tables-datatables-extensions.dist.js
		AspnetCoreStarter\wwwroot\js\tables-datatables-extensions.js = AspnetCoreStarter\wwwroot\js\tables-datatables-extensions.js
		AspnetCoreStarter\wwwroot\js\ui-app-brand.dist.js = AspnetCoreStarter\wwwroot\js\ui-app-brand.dist.js
		AspnetCoreStarter\wwwroot\js\ui-app-brand.js = AspnetCoreStarter\wwwroot\js\ui-app-brand.js
		AspnetCoreStarter\wwwroot\js\ui-carousel.dist.js = AspnetCoreStarter\wwwroot\js\ui-carousel.dist.js
		AspnetCoreStarter\wwwroot\js\ui-carousel.js = AspnetCoreStarter\wwwroot\js\ui-carousel.js
		AspnetCoreStarter\wwwroot\js\ui-menu.dist.js = AspnetCoreStarter\wwwroot\js\ui-menu.dist.js
		AspnetCoreStarter\wwwroot\js\ui-menu.js = AspnetCoreStarter\wwwroot\js\ui-menu.js
		AspnetCoreStarter\wwwroot\js\ui-modals.dist.js = AspnetCoreStarter\wwwroot\js\ui-modals.dist.js
		AspnetCoreStarter\wwwroot\js\ui-modals.js = AspnetCoreStarter\wwwroot\js\ui-modals.js
		AspnetCoreStarter\wwwroot\js\ui-navbar.dist.js = AspnetCoreStarter\wwwroot\js\ui-navbar.dist.js
		AspnetCoreStarter\wwwroot\js\ui-navbar.js = AspnetCoreStarter\wwwroot\js\ui-navbar.js
		AspnetCoreStarter\wwwroot\js\ui-popover.dist.js = AspnetCoreStarter\wwwroot\js\ui-popover.dist.js
		AspnetCoreStarter\wwwroot\js\ui-popover.js = AspnetCoreStarter\wwwroot\js\ui-popover.js
		AspnetCoreStarter\wwwroot\js\ui-toasts.dist.js = AspnetCoreStarter\wwwroot\js\ui-toasts.dist.js
		AspnetCoreStarter\wwwroot\js\ui-toasts.js = AspnetCoreStarter\wwwroot\js\ui-toasts.js
		AspnetCoreStarter\wwwroot\js\wizard-ex-checkout.dist.js = AspnetCoreStarter\wwwroot\js\wizard-ex-checkout.dist.js
		AspnetCoreStarter\wwwroot\js\wizard-ex-checkout.js = AspnetCoreStarter\wwwroot\js\wizard-ex-checkout.js
		AspnetCoreStarter\wwwroot\js\wizard-ex-create-deal.dist.js = AspnetCoreStarter\wwwroot\js\wizard-ex-create-deal.dist.js
		AspnetCoreStarter\wwwroot\js\wizard-ex-create-deal.js = AspnetCoreStarter\wwwroot\js\wizard-ex-create-deal.js
		AspnetCoreStarter\wwwroot\js\wizard-ex-property-listing.dist.js = AspnetCoreStarter\wwwroot\js\wizard-ex-property-listing.dist.js
		AspnetCoreStarter\wwwroot\js\wizard-ex-property-listing.js = AspnetCoreStarter\wwwroot\js\wizard-ex-property-listing.js
	EndProjectSection
EndProject
Project("{2150E333-8FDC-42A3-9474-1A3956D46DE8}") = "json", "json", "{8037B5D9-9948-4E33-B7D5-C6510D467053}"
	ProjectSection(SolutionItems) = preProject
		AspnetCoreStarter\wwwroot\json\ajax.json = AspnetCoreStarter\wwwroot\json\ajax.json
		AspnetCoreStarter\wwwroot\json\app-academy-dashboard.json = AspnetCoreStarter\wwwroot\json\app-academy-dashboard.json
		AspnetCoreStarter\wwwroot\json\app-ecommerce-reviews.json = AspnetCoreStarter\wwwroot\json\app-ecommerce-reviews.json
		AspnetCoreStarter\wwwroot\json\database-connection-list.json = AspnetCoreStarter\wwwroot\json\database-connection-list.json
		AspnetCoreStarter\wwwroot\json\earning-reports-charts.json = AspnetCoreStarter\wwwroot\json\earning-reports-charts.json
		AspnetCoreStarter\wwwroot\json\ecommerce-category-list.json = AspnetCoreStarter\wwwroot\json\ecommerce-category-list.json
		AspnetCoreStarter\wwwroot\json\ecommerce-customer-all.json = AspnetCoreStarter\wwwroot\json\ecommerce-customer-all.json
		AspnetCoreStarter\wwwroot\json\ecommerce-customer-order.json = AspnetCoreStarter\wwwroot\json\ecommerce-customer-order.json
		AspnetCoreStarter\wwwroot\json\ecommerce-order-details.json = AspnetCoreStarter\wwwroot\json\ecommerce-order-details.json
		AspnetCoreStarter\wwwroot\json\ecommerce-product-list.json = AspnetCoreStarter\wwwroot\json\ecommerce-product-list.json
		AspnetCoreStarter\wwwroot\json\ecommerce-referral.json = AspnetCoreStarter\wwwroot\json\ecommerce-referral.json
		AspnetCoreStarter\wwwroot\json\invoice-list.json = AspnetCoreStarter\wwwroot\json\invoice-list.json
		AspnetCoreStarter\wwwroot\json\jstree-data.json = AspnetCoreStarter\wwwroot\json\jstree-data.json
		AspnetCoreStarter\wwwroot\json\kanban.json = AspnetCoreStarter\wwwroot\json\kanban.json
		AspnetCoreStarter\wwwroot\json\logistics-dashboard.json = AspnetCoreStarter\wwwroot\json\logistics-dashboard.json
		AspnetCoreStarter\wwwroot\json\org-users-list.json = AspnetCoreStarter\wwwroot\json\org-users-list.json
		AspnetCoreStarter\wwwroot\json\permissions-list.json = AspnetCoreStarter\wwwroot\json\permissions-list.json
		AspnetCoreStarter\wwwroot\json\projects-list.json = AspnetCoreStarter\wwwroot\json\projects-list.json
		AspnetCoreStarter\wwwroot\json\salesforce-connection-list.json = AspnetCoreStarter\wwwroot\json\salesforce-connection-list.json
		AspnetCoreStarter\wwwroot\json\search-horizontal.json = AspnetCoreStarter\wwwroot\json\search-horizontal.json
		AspnetCoreStarter\wwwroot\json\search-vertical.json = AspnetCoreStarter\wwwroot\json\search-vertical.json
		AspnetCoreStarter\wwwroot\json\table-datatable.json = AspnetCoreStarter\wwwroot\json\table-datatable.json
		AspnetCoreStarter\wwwroot\json\table-ecommerce.json = AspnetCoreStarter\wwwroot\json\table-ecommerce.json
		AspnetCoreStarter\wwwroot\json\typeahead-data-2.json = AspnetCoreStarter\wwwroot\json\typeahead-data-2.json
		AspnetCoreStarter\wwwroot\json\typeahead.json = AspnetCoreStarter\wwwroot\json\typeahead.json
		AspnetCoreStarter\wwwroot\json\user-list.json = AspnetCoreStarter\wwwroot\json\user-list.json
		AspnetCoreStarter\wwwroot\json\user-profile.json = AspnetCoreStarter\wwwroot\json\user-profile.json
	EndProjectSection
EndProject
Project("{2150E333-8FDC-42A3-9474-1A3956D46DE8}") = "js", "js", "{793C0D08-E135-4174-9405-B58A31142D3B}"
EndProject
Project("{9A19103F-16F7-4668-BE54-9A1E7A4F7556}") = "ERPFastTrack.SourceProcessor", "ERPFastTrack.SourceProcessor\ERPFastTrack.SourceProcessor.csproj", "{9AB14553-868D-42B0-8356-8226F7A8ED76}"
EndProject
Project("{9A19103F-16F7-4668-BE54-9A1E7A4F7556}") = "ERPFastTrack.LicenseProcessor", "ERPFastTrack.LicenseProcessor\ERPFastTrack.LicenseProcessor.csproj", "{5059E23A-0B9A-491F-AC9F-12B8FD009C7E}"
EndProject
Project("{E53339B2-1760-4266-BCC7-CA923CBCF16C}") = "docker-compose", "docker-compose.dcproj", "{D7784610-DA30-44AB-AEE6-B3B39220E64C}"
EndProject
Global
	GlobalSection(SolutionConfigurationPlatforms) = preSolution
		Debug|Any CPU = Debug|Any CPU
		Release|Any CPU = Release|Any CPU
	EndGlobalSection
	GlobalSection(ProjectConfigurationPlatforms) = postSolution
		{1C5F16D5-3832-41B4-B6FE-574F09F2C550}.Debug|Any CPU.ActiveCfg = Debug|Any CPU
		{1C5F16D5-3832-41B4-B6FE-574F09F2C550}.Debug|Any CPU.Build.0 = Debug|Any CPU
		{1C5F16D5-3832-41B4-B6FE-574F09F2C550}.Release|Any CPU.ActiveCfg = Release|Any CPU
		{1C5F16D5-3832-41B4-B6FE-574F09F2C550}.Release|Any CPU.Build.0 = Release|Any CPU
		{CE1D24A0-3C44-4888-A599-C256C49A1F86}.Debug|Any CPU.ActiveCfg = Debug|Any CPU
		{CE1D24A0-3C44-4888-A599-C256C49A1F86}.Debug|Any CPU.Build.0 = Debug|Any CPU
		{CE1D24A0-3C44-4888-A599-C256C49A1F86}.Release|Any CPU.ActiveCfg = Release|Any CPU
		{CE1D24A0-3C44-4888-A599-C256C49A1F86}.Release|Any CPU.Build.0 = Release|Any CPU
		{AB0DA155-4CD0-4124-BEAB-73F74AE20418}.Debug|Any CPU.ActiveCfg = Debug|Any CPU
		{AB0DA155-4CD0-4124-BEAB-73F74AE20418}.Debug|Any CPU.Build.0 = Debug|Any CPU
		{AB0DA155-4CD0-4124-BEAB-73F74AE20418}.Release|Any CPU.ActiveCfg = Release|Any CPU
		{AB0DA155-4CD0-4124-BEAB-73F74AE20418}.Release|Any CPU.Build.0 = Release|Any CPU
		{F60A564B-B3B3-46FE-9FFC-6D1CEA4E912A}.Debug|Any CPU.ActiveCfg = Debug|Any CPU
		{F60A564B-B3B3-46FE-9FFC-6D1CEA4E912A}.Debug|Any CPU.Build.0 = Debug|Any CPU
		{F60A564B-B3B3-46FE-9FFC-6D1CEA4E912A}.Release|Any CPU.ActiveCfg = Release|Any CPU
		{F60A564B-B3B3-46FE-9FFC-6D1CEA4E912A}.Release|Any CPU.Build.0 = Release|Any CPU
		{E112012E-8131-424A-B6EF-D99B618F0BE4}.Debug|Any CPU.ActiveCfg = Debug|Any CPU
		{E112012E-8131-424A-B6EF-D99B618F0BE4}.Debug|Any CPU.Build.0 = Debug|Any CPU
		{E112012E-8131-424A-B6EF-D99B618F0BE4}.Release|Any CPU.ActiveCfg = Release|Any CPU
		{E112012E-8131-424A-B6EF-D99B618F0BE4}.Release|Any CPU.Build.0 = Release|Any CPU
		{5815580F-5266-4489-A5BE-32CB9BB871A0}.Debug|Any CPU.ActiveCfg = Debug|Any CPU
		{5815580F-5266-4489-A5BE-32CB9BB871A0}.Debug|Any CPU.Build.0 = Debug|Any CPU
		{5815580F-5266-4489-A5BE-32CB9BB871A0}.Release|Any CPU.ActiveCfg = Release|Any CPU
		{5815580F-5266-4489-A5BE-32CB9BB871A0}.Release|Any CPU.Build.0 = Release|Any CPU
		{653D9BAD-5472-4EBE-A7CD-FF2D9BC14F55}.Debug|Any CPU.ActiveCfg = Debug|Any CPU
		{653D9BAD-5472-4EBE-A7CD-FF2D9BC14F55}.Debug|Any CPU.Build.0 = Debug|Any CPU
		{653D9BAD-5472-4EBE-A7CD-FF2D9BC14F55}.Release|Any CPU.ActiveCfg = Release|Any CPU
		{653D9BAD-5472-4EBE-A7CD-FF2D9BC14F55}.Release|Any CPU.Build.0 = Release|Any CPU
		{6FF92EAA-1826-4095-9091-05459103E76D}.Debug|Any CPU.ActiveCfg = Debug|Any CPU
		{6FF92EAA-1826-4095-9091-05459103E76D}.Debug|Any CPU.Build.0 = Debug|Any CPU
		{6FF92EAA-1826-4095-9091-05459103E76D}.Release|Any CPU.ActiveCfg = Release|Any CPU
		{6FF92EAA-1826-4095-9091-05459103E76D}.Release|Any CPU.Build.0 = Release|Any CPU
		{9F031BED-AA01-4092-8B3B-8E019D8EF0A3}.Debug|Any CPU.ActiveCfg = Debug|Any CPU
		{9F031BED-AA01-4092-8B3B-8E019D8EF0A3}.Debug|Any CPU.Build.0 = Debug|Any CPU
		{9F031BED-AA01-4092-8B3B-8E019D8EF0A3}.Release|Any CPU.ActiveCfg = Release|Any CPU
		{9F031BED-AA01-4092-8B3B-8E019D8EF0A3}.Release|Any CPU.Build.0 = Release|Any CPU
		{9AB14553-868D-42B0-8356-8226F7A8ED76}.Debug|Any CPU.ActiveCfg = Debug|Any CPU
		{9AB14553-868D-42B0-8356-8226F7A8ED76}.Debug|Any CPU.Build.0 = Debug|Any CPU
		{9AB14553-868D-42B0-8356-8226F7A8ED76}.Release|Any CPU.ActiveCfg = Release|Any CPU
		{9AB14553-868D-42B0-8356-8226F7A8ED76}.Release|Any CPU.Build.0 = Release|Any CPU
		{5059E23A-0B9A-491F-AC9F-12B8FD009C7E}.Debug|Any CPU.ActiveCfg = Debug|Any CPU
		{5059E23A-0B9A-491F-AC9F-12B8FD009C7E}.Debug|Any CPU.Build.0 = Debug|Any CPU
		{5059E23A-0B9A-491F-AC9F-12B8FD009C7E}.Release|Any CPU.ActiveCfg = Release|Any CPU
		{5059E23A-0B9A-491F-AC9F-12B8FD009C7E}.Release|Any CPU.Build.0 = Release|Any CPU
		{D7784610-DA30-44AB-AEE6-B3B39220E64C}.Debug|Any CPU.ActiveCfg = Debug|Any CPU
		{D7784610-DA30-44AB-AEE6-B3B39220E64C}.Debug|Any CPU.Build.0 = Debug|Any CPU
		{D7784610-DA30-44AB-AEE6-B3B39220E64C}.Release|Any CPU.ActiveCfg = Release|Any CPU
		{D7784610-DA30-44AB-AEE6-B3B39220E64C}.Release|Any CPU.Build.0 = Release|Any CPU
	EndGlobalSection
	GlobalSection(SolutionProperties) = preSolution
		HideSolutionNode = FALSE
	EndGlobalSection
	GlobalSection(NestedProjects) = preSolution
		{653D9BAD-5472-4EBE-A7CD-FF2D9BC14F55} = {7C0AA90E-B9C9-4697-ADD4-7A1A01F099FE}
		{8037B5D9-9948-4E33-B7D5-C6510D467053} = {FB18426A-0A04-4599-B5EE-7FE2FFB2E60B}
		{793C0D08-E135-4174-9405-B58A31142D3B} = {FB18426A-0A04-4599-B5EE-7FE2FFB2E60B}
	EndGlobalSection
	GlobalSection(ExtensibilityGlobals) = postSolution
		SolutionGuid = {F0EBE1B0-D9B8-436B-A305-25562506424A}
	EndGlobalSection
EndGlobal
